
Microsoft Visual Studio Solution File, Format Version 12.00
# Visual Studio Version 17
VisualStudioVersion = 17.2.32505.173
MinimumVisualStudioVersion = 10.0.40219.1
Project("{8BC9CEB8-8B4A-11D0-8D11-00A0C91BC942}") = "NetworkProgramming", "NetworkProgramming\NetworkProgramming.vcxproj", "{844C8D9F-B444-4B40-94F6-FE794281FD60}"
EndProject
Project("{8BC9CEB8-8B4A-11D0-8D11-00A0C91BC942}") = "Server", "Server\Server.vcxproj", "{EC63F848-F9DB-4B4F-B16B-3CB4F7A3E706}"
EndProject
Project("{8BC9CEB8-8B4A-11D0-8D11-00A0C91BC942}") = "Client", "Client\Client.vcxproj", "{CC42F5BC-6509-47C0-89B8-33B83600AE27}"
EndProject
Project("{8BC9CEB8-8B4A-11D0-8D11-00A0C91BC942}") = "Thread", "Thread\Thread.vcxproj", "{6A4712E7-FF32-4350-AC70-06A652B98EF1}"
EndProject
Project("{8BC9CEB8-8B4A-11D0-8D11-00A0C91BC942}") = "TCPClient", "TCPClient\TCPClient.vcxproj", "{59EE55FA-92A8-43A9-B8CD-557EB908EF05}"
EndProject
Project("{8BC9CEB8-8B4A-11D0-8D11-00A0C91BC942}") = "TCPServer", "TCPServer\TCPServer.vcxproj", "{A1C893C5-421F-4A3A-B079-97472C3C7599}"
EndProject
Project("{8BC9CEB8-8B4A-11D0-8D11-00A0C91BC942}") = "ChatServer", "ChatServer\ChatServer.vcxproj", "{4211C19F-788A-47DB-93C2-B4C9738110BA}"
EndProject
Project("{8BC9CEB8-8B4A-11D0-8D11-00A0C91BC942}") = "DataServer", "DataServer\DataServer.vcxproj", "{6DDE5EC5-7B96-4737-A10B-AD2B6195BBA3}"
EndProject
Global
	GlobalSection(SolutionConfigurationPlatforms) = preSolution
		Debug|x64 = Debug|x64
		Debug|x86 = Debug|x86
		Release|x64 = Release|x64
		Release|x86 = Release|x86
	EndGlobalSection
	GlobalSection(ProjectConfigurationPlatforms) = postSolution
		{844C8D9F-B444-4B40-94F6-FE794281FD60}.Debug|x64.ActiveCfg = Debug|x64
		{844C8D9F-B444-4B40-94F6-FE794281FD60}.Debug|x64.Build.0 = Debug|x64
		{844C8D9F-B444-4B40-94F6-FE794281FD60}.Debug|x86.ActiveCfg = Debug|Win32
		{844C8D9F-B444-4B40-94F6-FE794281FD60}.Debug|x86.Build.0 = Debug|Win32
		{844C8D9F-B444-4B40-94F6-FE794281FD60}.Release|x64.ActiveCfg = Release|x64
		{844C8D9F-B444-4B40-94F6-FE794281FD60}.Release|x64.Build.0 = Release|x64
		{844C8D9F-B444-4B40-94F6-FE794281FD60}.Release|x86.ActiveCfg = Release|Win32
		{844C8D9F-B444-4B40-94F6-FE794281FD60}.Release|x86.Build.0 = Release|Win32
		{EC63F848-F9DB-4B4F-B16B-3CB4F7A3E706}.Debug|x64.ActiveCfg = Debug|x64
		{EC63F848-F9DB-4B4F-B16B-3CB4F7A3E706}.Debug|x64.Build.0 = Debug|x64
		{EC63F848-F9DB-4B4F-B16B-3CB4F7A3E706}.Debug|x86.ActiveCfg = Debug|Win32
		{EC63F848-F9DB-4B4F-B16B-3CB4F7A3E706}.Debug|x86.Build.0 = Debug|Win32
		{EC63F848-F9DB-4B4F-B16B-3CB4F7A3E706}.Release|x64.ActiveCfg = Release|x64
		{EC63F848-F9DB-4B4F-B16B-3CB4F7A3E706}.Release|x64.Build.0 = Release|x64
		{EC63F848-F9DB-4B4F-B16B-3CB4F7A3E706}.Release|x86.ActiveCfg = Release|Win32
		{EC63F848-F9DB-4B4F-B16B-3CB4F7A3E706}.Release|x86.Build.0 = Release|Win32
		{CC42F5BC-6509-47C0-89B8-33B83600AE27}.Debug|x64.ActiveCfg = Debug|x64
		{CC42F5BC-6509-47C0-89B8-33B83600AE27}.Debug|x64.Build.0 = Debug|x64
		{CC42F5BC-6509-47C0-89B8-33B83600AE27}.Debug|x86.ActiveCfg = Debug|Win32
		{CC42F5BC-6509-47C0-89B8-33B83600AE27}.Debug|x86.Build.0 = Debug|Win32
		{CC42F5BC-6509-47C0-89B8-33B83600AE27}.Release|x64.ActiveCfg = Release|x64
		{CC42F5BC-6509-47C0-89B8-33B83600AE27}.Release|x64.Build.0 = Release|x64
		{CC42F5BC-6509-47C0-89B8-33B83600AE27}.Release|x86.ActiveCfg = Release|Win32
		{CC42F5BC-6509-47C0-89B8-33B83600AE27}.Release|x86.Build.0 = Release|Win32
		{6A4712E7-FF32-4350-AC70-06A652B98EF1}.Debug|x64.ActiveCfg = Debug|x64
		{6A4712E7-FF32-4350-AC70-06A652B98EF1}.Debug|x64.Build.0 = Debug|x64
		{6A4712E7-FF32-4350-AC70-06A652B98EF1}.Debug|x86.ActiveCfg = Debug|Win32
		{6A4712E7-FF32-4350-AC70-06A652B98EF1}.Debug|x86.Build.0 = Debug|Win32
		{6A4712E7-FF32-4350-AC70-06A652B98EF1}.Release|x64.ActiveCfg = Release|x64
		{6A4712E7-FF32-4350-AC70-06A652B98EF1}.Release|x64.Build.0 = Release|x64
		{6A4712E7-FF32-4350-AC70-06A652B98EF1}.Release|x86.ActiveCfg = Release|Win32
		{6A4712E7-FF32-4350-AC70-06A652B98EF1}.Release|x86.Build.0 = Release|Win32
		{59EE55FA-92A8-43A9-B8CD-557EB908EF05}.Debug|x64.ActiveCfg = Debug|x64
		{59EE55FA-92A8-43A9-B8CD-557EB908EF05}.Debug|x64.Build.0 = Debug|x64
		{59EE55FA-92A8-43A9-B8CD-557EB908EF05}.Debug|x86.ActiveCfg = Debug|Win32
		{59EE55FA-92A8-43A9-B8CD-557EB908EF05}.Debug|x86.Build.0 = Debug|Win32
		{59EE55FA-92A8-43A9-B8CD-557EB908EF05}.Release|x64.ActiveCfg = Release|x64
		{59EE55FA-92A8-43A9-B8CD-557EB908EF05}.Release|x64.Build.0 = Release|x64
		{59EE55FA-92A8-43A9-B8CD-557EB908EF05}.Release|x86.ActiveCfg = Release|Win32
		{59EE55FA-92A8-43A9-B8CD-557EB908EF05}.Release|x86.Build.0 = Release|Win32
		{A1C893C5-421F-4A3A-B079-97472C3C7599}.Debug|x64.ActiveCfg = Debug|x64
		{A1C893C5-421F-4A3A-B079-97472C3C7599}.Debug|x64.Build.0 = Debug|x64
		{A1C893C5-421F-4A3A-B079-97472C3C7599}.Debug|x86.ActiveCfg = Debug|Win32
		{A1C893C5-421F-4A3A-B079-97472C3C7599}.Debug|x86.Build.0 = Debug|Win32
		{A1C893C5-421F-4A3A-B079-97472C3C7599}.Release|x64.ActiveCfg = Release|x64
		{A1C893C5-421F-4A3A-B079-97472C3C7599}.Release|x64.Build.0 = Release|x64
		{A1C893C5-421F-4A3A-B079-97472C3C7599}.Release|x86.ActiveCfg = Release|Win32
		{A1C893C5-421F-4A3A-B079-97472C3C7599}.Release|x86.Build.0 = Release|Win32
		{4211C19F-788A-47DB-93C2-B4C9738110BA}.Debug|x64.ActiveCfg = Debug|x64
		{4211C19F-788A-47DB-93C2-B4C9738110BA}.Debug|x64.Build.0 = Debug|x64
		{4211C19F-788A-47DB-93C2-B4C9738110BA}.Debug|x86.ActiveCfg = Debug|Win32
		{4211C19F-788A-47DB-93C2-B4C9738110BA}.Debug|x86.Build.0 = Debug|Win32
		{4211C19F-788A-47DB-93C2-B4C9738110BA}.Release|x64.ActiveCfg = Release|x64
		{4211C19F-788A-47DB-93C2-B4C9738110BA}.Release|x64.Build.0 = Release|x64
		{4211C19F-788A-47DB-93C2-B4C9738110BA}.Release|x86.ActiveCfg = Release|Win32
		{4211C19F-788A-47DB-93C2-B4C9738110BA}.Release|x86.Build.0 = Release|Win32
		{6DDE5EC5-7B96-4737-A10B-AD2B6195BBA3}.Debug|x64.ActiveCfg = Debug|x64
		{6DDE5EC5-7B96-4737-A10B-AD2B6195BBA3}.Debug|x64.Build.0 = Debug|x64
		{6DDE5EC5-7B96-4737-A10B-AD2B6195BBA3}.Debug|x86.ActiveCfg = Debug|Win32
		{6DDE5EC5-7B96-4737-A10B-AD2B6195BBA3}.Debug|x86.Build.0 = Debug|Win32
		{6DDE5EC5-7B96-4737-A10B-AD2B6195BBA3}.Release|x64.ActiveCfg = Release|x64
		{6DDE5EC5-7B96-4737-A10B-AD2B6195BBA3}.Release|x64.Build.0 = Release|x64
		{6DDE5EC5-7B96-4737-A10B-AD2B6195BBA3}.Release|x86.ActiveCfg = Release|Win32
		{6DDE5EC5-7B96-4737-A10B-AD2B6195BBA3}.Release|x86.Build.0 = Release|Win32
	EndGlobalSection
	GlobalSection(SolutionProperties) = preSolution
		HideSolutionNode = FALSE
	EndGlobalSection
	GlobalSection(ExtensibilityGlobals) = postSolution
		SolutionGuid = {11AC9EE3-C8EE-4EF7-8180-558E7E3496B4}
	EndGlobalSection
EndGlobal
